{"name":"gha-uses-commit","key":"https://github.com/actions/checkout.git:v6.0.2","version":"de0fac2e4500dabe0009e67214ff5f5447ce83dd"}
{"name":"gha-uses-semver","key":"https://github.com/actions/checkout.git","version":"v6.0.2"}
{"name":"netlify-hugo","key":"https://github.com/gohugoio/hugo.git","version":"0.162.0"}
{"name":"netlify-node","key":"https://github.com/nodejs/node.git","version":"26"}
